
Microsoft Visual Studio Solution File, Format Version 12.00
# Visual Studio 14
VisualStudioVersion = 14.0.25123.0
MinimumVisualStudioVersion = 10.0.40219.1
Project("{FAE04EC0-301F-11D3-BF4B-00C04F79EFBC}") = "Warehouse.DTO", "Warehouse.DTO\Warehouse.DTO.csproj", "{14104D71-FFF0-4A1A-8433-E8DDC00D2EEC}"
EndProject
Project("{FAE04EC0-301F-11D3-BF4B-00C04F79EFBC}") = "Warehouse.Domain", "Warehouse.Domain\Warehouse.Domain.csproj", "{320F4359-A990-4CF6-8ED1-56B7E587C8A6}"
EndProject
Project("{FAE04EC0-301F-11D3-BF4B-00C04F79EFBC}") = "Warehouse.DAL.Common", "Warehouse.DAL.Common\Warehouse.DAL.Common.csproj", "{ED2BC82C-02AA-4409-BF55-37D67F121C52}"
EndProject
Project("{FAE04EC0-301F-11D3-BF4B-00C04F79EFBC}") = "Warehouse.DAL.SqlServer", "Warehouse.DAL.SqlServer\Warehouse.DAL.SqlServer.csproj", "{0BD8457D-C16F-4E95-818F-F8E6094F62C4}"
EndProject
Project("{FAE04EC0-301F-11D3-BF4B-00C04F79EFBC}") = "Warehouse.DAL.Contract", "Warehouse.DAL.Contract\Warehouse.DAL.Contract.csproj", "{CB73891F-EFB2-4F3D-B861-5A10DBF67EF0}"
EndProject
Project("{FAE04EC0-301F-11D3-BF4B-00C04F79EFBC}") = "Warehouse.BLL.Contract", "Warehouse.BLL.Contract\Warehouse.BLL.Contract.csproj", "{04C29E24-57AB-4C09-B995-C783B5BD67B6}"
EndProject
Project("{FAE04EC0-301F-11D3-BF4B-00C04F79EFBC}") = "Warehouse.BLL", "Warehouse.BLL\Warehouse.BLL.csproj", "{5E43A1D3-FC1A-419C-A2E5-82C00BB1AA1A}"
EndProject
Project("{FAE04EC0-301F-11D3-BF4B-00C04F79EFBC}") = "Warehouse.BLL.Transform", "Warehouse.BLL.Transform\Warehouse.BLL.Transform.csproj", "{BAAB36FF-B708-4871-9A3C-E78E0E63603C}"
EndProject
Project("{FAE04EC0-301F-11D3-BF4B-00C04F79EFBC}") = "Warehouse.BLL.Validator.Common", "Warehouse.BLL.Validator.Common\Warehouse.BLL.Validator.Common.csproj", "{14121082-B534-4198-B74F-60275B00811F}"
EndProject
Project("{FAE04EC0-301F-11D3-BF4B-00C04F79EFBC}") = "Warehouse.BLL.Validator.Contract", "Warehouse.BLL.Validator.Contract\Warehouse.BLL.Validator.Contract.csproj", "{F323E07C-6F20-481F-A370-A71BCFBBEA38}"
EndProject
Project("{FAE04EC0-301F-11D3-BF4B-00C04F79EFBC}") = "Warehouse.BLL.Validator", "Warehouse.BLL.Validator\Warehouse.BLL.Validator.csproj", "{92924ED4-AEF1-466A-9320-3E73C0654748}"
EndProject
Project("{FAE04EC0-301F-11D3-BF4B-00C04F79EFBC}") = "Warehouse.UnitTest", "Warehouse.UnitTest\Warehouse.UnitTest.csproj", "{E85AD369-4E41-4E7E-B0C1-EDD912D5AB2C}"
EndProject
Project("{FAE04EC0-301F-11D3-BF4B-00C04F79EFBC}") = "Warehouse.Service.Front.Console", "Warehouse.Service.Front.Console\Warehouse.Service.Front.Console.csproj", "{BD892D9C-92C8-4769-93CC-286881958846}"
EndProject
Project("{FAE04EC0-301F-11D3-BF4B-00C04F79EFBC}") = "Warehouse.Common.Container", "Warehouse.Common.Container\Warehouse.Common.Container.csproj", "{AD6B7548-2C84-4254-A538-3E2F67A6F852}"
EndProject
Project("{2150E333-8FDC-42A3-9474-1A3956D46DE8}") = "DAL", "DAL", "{640D71B7-D138-47AC-B34A-7136DDEFBD43}"
EndProject
Project("{2150E333-8FDC-42A3-9474-1A3956D46DE8}") = "BLL", "BLL", "{A8872055-9DFB-4D09-92C3-21F67D5A5648}"
EndProject
Project("{2150E333-8FDC-42A3-9474-1A3956D46DE8}") = "Validator", "Validator", "{29DF929A-4991-490F-A179-1BED9D6809E4}"
EndProject
Project("{2150E333-8FDC-42A3-9474-1A3956D46DE8}") = "Transform", "Transform", "{8E608828-ED2A-48C1-9F92-FF3FBE015487}"
EndProject
Project("{2150E333-8FDC-42A3-9474-1A3956D46DE8}") = "Service", "Service", "{3944170A-B88D-4832-A2DE-31F4EC6EF7C3}"
EndProject
Project("{2150E333-8FDC-42A3-9474-1A3956D46DE8}") = "Front", "Front", "{8DC62CC2-F6B1-4BE2-B29D-3E2D953A159A}"
EndProject
Project("{2150E333-8FDC-42A3-9474-1A3956D46DE8}") = "Common", "Common", "{7AE804A0-0B1B-4AE8-B946-8F9D13268DB5}"
EndProject
Project("{2150E333-8FDC-42A3-9474-1A3956D46DE8}") = "Test", "Test", "{21727473-60A5-419C-87E2-B0D9A1D536D2}"
EndProject
Project("{FAE04EC0-301F-11D3-BF4B-00C04F79EFBC}") = "Warehouse.Service.Front", "Warehouse.Service.Front\Warehouse.Service.Front.csproj", "{7C448360-0E92-4130-A43B-FC08D1FEEA0B}"
EndProject
Project("{FAE04EC0-301F-11D3-BF4B-00C04F79EFBC}") = "Warehouse.Service.Common", "Warehouse.Service.Common\Warehouse.Service.Common.csproj", "{3204B515-369E-4876-91DB-6000344DBB99}"
EndProject
Project("{FAE04EC0-301F-11D3-BF4B-00C04F79EFBC}") = "Warehouse.Service", "Warehouse.Service\Warehouse.Service.csproj", "{4F9CC77C-B3A6-4BA8-9FD8-E4CDA9D2960B}"
EndProject
Project("{FAE04EC0-301F-11D3-BF4B-00C04F79EFBC}") = "Warehouse.Common.Logger", "Warehouse.Common.Logger\Warehouse.Common.Logger.csproj", "{EE5B10EF-EE7C-42D1-A970-67E94EF265CA}"
EndProject
Project("{FAE04EC0-301F-11D3-BF4B-00C04F79EFBC}") = "Warehouse.Service.Contract", "Warehouse.Service.Contract\Warehouse.Service.Contract.csproj", "{025FCE2D-C395-4299-BAFA-193D07A42500}"
EndProject
Global
	GlobalSection(SolutionConfigurationPlatforms) = preSolution
		Debug|Any CPU = Debug|Any CPU
		Release|Any CPU = Release|Any CPU
	EndGlobalSection
	GlobalSection(ProjectConfigurationPlatforms) = postSolution
		{14104D71-FFF0-4A1A-8433-E8DDC00D2EEC}.Debug|Any CPU.ActiveCfg = Debug|Any CPU
		{14104D71-FFF0-4A1A-8433-E8DDC00D2EEC}.Debug|Any CPU.Build.0 = Debug|Any CPU
		{14104D71-FFF0-4A1A-8433-E8DDC00D2EEC}.Release|Any CPU.ActiveCfg = Release|Any CPU
		{14104D71-FFF0-4A1A-8433-E8DDC00D2EEC}.Release|Any CPU.Build.0 = Release|Any CPU
		{320F4359-A990-4CF6-8ED1-56B7E587C8A6}.Debug|Any CPU.ActiveCfg = Debug|Any CPU
		{320F4359-A990-4CF6-8ED1-56B7E587C8A6}.Debug|Any CPU.Build.0 = Debug|Any CPU
		{320F4359-A990-4CF6-8ED1-56B7E587C8A6}.Release|Any CPU.ActiveCfg = Release|Any CPU
		{320F4359-A990-4CF6-8ED1-56B7E587C8A6}.Release|Any CPU.Build.0 = Release|Any CPU
		{ED2BC82C-02AA-4409-BF55-37D67F121C52}.Debug|Any CPU.ActiveCfg = Debug|Any CPU
		{ED2BC82C-02AA-4409-BF55-37D67F121C52}.Debug|Any CPU.Build.0 = Debug|Any CPU
		{ED2BC82C-02AA-4409-BF55-37D67F121C52}.Release|Any CPU.ActiveCfg = Release|Any CPU
		{ED2BC82C-02AA-4409-BF55-37D67F121C52}.Release|Any CPU.Build.0 = Release|Any CPU
		{0BD8457D-C16F-4E95-818F-F8E6094F62C4}.Debug|Any CPU.ActiveCfg = Debug|Any CPU
		{0BD8457D-C16F-4E95-818F-F8E6094F62C4}.Debug|Any CPU.Build.0 = Debug|Any CPU
		{0BD8457D-C16F-4E95-818F-F8E6094F62C4}.Release|Any CPU.ActiveCfg = Release|Any CPU
		{0BD8457D-C16F-4E95-818F-F8E6094F62C4}.Release|Any CPU.Build.0 = Release|Any CPU
		{CB73891F-EFB2-4F3D-B861-5A10DBF67EF0}.Debug|Any CPU.ActiveCfg = Debug|Any CPU
		{CB73891F-EFB2-4F3D-B861-5A10DBF67EF0}.Debug|Any CPU.Build.0 = Debug|Any CPU
		{CB73891F-EFB2-4F3D-B861-5A10DBF67EF0}.Release|Any CPU.ActiveCfg = Release|Any CPU
		{CB73891F-EFB2-4F3D-B861-5A10DBF67EF0}.Release|Any CPU.Build.0 = Release|Any CPU
		{04C29E24-57AB-4C09-B995-C783B5BD67B6}.Debug|Any CPU.ActiveCfg = Debug|Any CPU
		{04C29E24-57AB-4C09-B995-C783B5BD67B6}.Debug|Any CPU.Build.0 = Debug|Any CPU
		{04C29E24-57AB-4C09-B995-C783B5BD67B6}.Release|Any CPU.ActiveCfg = Release|Any CPU
		{04C29E24-57AB-4C09-B995-C783B5BD67B6}.Release|Any CPU.Build.0 = Release|Any CPU
		{5E43A1D3-FC1A-419C-A2E5-82C00BB1AA1A}.Debug|Any CPU.ActiveCfg = Debug|Any CPU
		{5E43A1D3-FC1A-419C-A2E5-82C00BB1AA1A}.Debug|Any CPU.Build.0 = Debug|Any CPU
		{5E43A1D3-FC1A-419C-A2E5-82C00BB1AA1A}.Release|Any CPU.ActiveCfg = Release|Any CPU
		{5E43A1D3-FC1A-419C-A2E5-82C00BB1AA1A}.Release|Any CPU.Build.0 = Release|Any CPU
		{BAAB36FF-B708-4871-9A3C-E78E0E63603C}.Debug|Any CPU.ActiveCfg = Debug|Any CPU
		{BAAB36FF-B708-4871-9A3C-E78E0E63603C}.Debug|Any CPU.Build.0 = Debug|Any CPU
		{BAAB36FF-B708-4871-9A3C-E78E0E63603C}.Release|Any CPU.ActiveCfg = Release|Any CPU
		{BAAB36FF-B708-4871-9A3C-E78E0E63603C}.Release|Any CPU.Build.0 = Release|Any CPU
		{14121082-B534-4198-B74F-60275B00811F}.Debug|Any CPU.ActiveCfg = Debug|Any CPU
		{14121082-B534-4198-B74F-60275B00811F}.Debug|Any CPU.Build.0 = Debug|Any CPU
		{14121082-B534-4198-B74F-60275B00811F}.Release|Any CPU.ActiveCfg = Release|Any CPU
		{14121082-B534-4198-B74F-60275B00811F}.Release|Any CPU.Build.0 = Release|Any CPU
		{F323E07C-6F20-481F-A370-A71BCFBBEA38}.Debug|Any CPU.ActiveCfg = Debug|Any CPU
		{F323E07C-6F20-481F-A370-A71BCFBBEA38}.Debug|Any CPU.Build.0 = Debug|Any CPU
		{F323E07C-6F20-481F-A370-A71BCFBBEA38}.Release|Any CPU.ActiveCfg = Release|Any CPU
		{F323E07C-6F20-481F-A370-A71BCFBBEA38}.Release|Any CPU.Build.0 = Release|Any CPU
		{92924ED4-AEF1-466A-9320-3E73C0654748}.Debug|Any CPU.ActiveCfg = Debug|Any CPU
		{92924ED4-AEF1-466A-9320-3E73C0654748}.Debug|Any CPU.Build.0 = Debug|Any CPU
		{92924ED4-AEF1-466A-9320-3E73C0654748}.Release|Any CPU.ActiveCfg = Release|Any CPU
		{92924ED4-AEF1-466A-9320-3E73C0654748}.Release|Any CPU.Build.0 = Release|Any CPU
		{E85AD369-4E41-4E7E-B0C1-EDD912D5AB2C}.Debug|Any CPU.ActiveCfg = Debug|Any CPU
		{E85AD369-4E41-4E7E-B0C1-EDD912D5AB2C}.Debug|Any CPU.Build.0 = Debug|Any CPU
		{E85AD369-4E41-4E7E-B0C1-EDD912D5AB2C}.Release|Any CPU.ActiveCfg = Release|Any CPU
		{E85AD369-4E41-4E7E-B0C1-EDD912D5AB2C}.Release|Any CPU.Build.0 = Release|Any CPU
		{BD892D9C-92C8-4769-93CC-286881958846}.Debug|Any CPU.ActiveCfg = Debug|Any CPU
		{BD892D9C-92C8-4769-93CC-286881958846}.Debug|Any CPU.Build.0 = Debug|Any CPU
		{BD892D9C-92C8-4769-93CC-286881958846}.Release|Any CPU.ActiveCfg = Release|Any CPU
		{BD892D9C-92C8-4769-93CC-286881958846}.Release|Any CPU.Build.0 = Release|Any CPU
		{AD6B7548-2C84-4254-A538-3E2F67A6F852}.Debug|Any CPU.ActiveCfg = Debug|Any CPU
		{AD6B7548-2C84-4254-A538-3E2F67A6F852}.Debug|Any CPU.Build.0 = Debug|Any CPU
		{AD6B7548-2C84-4254-A538-3E2F67A6F852}.Release|Any CPU.ActiveCfg = Release|Any CPU
		{AD6B7548-2C84-4254-A538-3E2F67A6F852}.Release|Any CPU.Build.0 = Release|Any CPU
		{7C448360-0E92-4130-A43B-FC08D1FEEA0B}.Debug|Any CPU.ActiveCfg = Debug|Any CPU
		{7C448360-0E92-4130-A43B-FC08D1FEEA0B}.Debug|Any CPU.Build.0 = Debug|Any CPU
		{7C448360-0E92-4130-A43B-FC08D1FEEA0B}.Release|Any CPU.ActiveCfg = Release|Any CPU
		{7C448360-0E92-4130-A43B-FC08D1FEEA0B}.Release|Any CPU.Build.0 = Release|Any CPU
		{3204B515-369E-4876-91DB-6000344DBB99}.Debug|Any CPU.ActiveCfg = Debug|Any CPU
		{3204B515-369E-4876-91DB-6000344DBB99}.Debug|Any CPU.Build.0 = Debug|Any CPU
		{3204B515-369E-4876-91DB-6000344DBB99}.Release|Any CPU.ActiveCfg = Release|Any CPU
		{3204B515-369E-4876-91DB-6000344DBB99}.Release|Any CPU.Build.0 = Release|Any CPU
		{4F9CC77C-B3A6-4BA8-9FD8-E4CDA9D2960B}.Debug|Any CPU.ActiveCfg = Debug|Any CPU
		{4F9CC77C-B3A6-4BA8-9FD8-E4CDA9D2960B}.Debug|Any CPU.Build.0 = Debug|Any CPU
		{4F9CC77C-B3A6-4BA8-9FD8-E4CDA9D2960B}.Release|Any CPU.ActiveCfg = Release|Any CPU
		{4F9CC77C-B3A6-4BA8-9FD8-E4CDA9D2960B}.Release|Any CPU.Build.0 = Release|Any CPU
		{EE5B10EF-EE7C-42D1-A970-67E94EF265CA}.Debug|Any CPU.ActiveCfg = Debug|Any CPU
		{EE5B10EF-EE7C-42D1-A970-67E94EF265CA}.Debug|Any CPU.Build.0 = Debug|Any CPU
		{EE5B10EF-EE7C-42D1-A970-67E94EF265CA}.Release|Any CPU.ActiveCfg = Release|Any CPU
		{EE5B10EF-EE7C-42D1-A970-67E94EF265CA}.Release|Any CPU.Build.0 = Release|Any CPU
		{025FCE2D-C395-4299-BAFA-193D07A42500}.Debug|Any CPU.ActiveCfg = Debug|Any CPU
		{025FCE2D-C395-4299-BAFA-193D07A42500}.Debug|Any CPU.Build.0 = Debug|Any CPU
		{025FCE2D-C395-4299-BAFA-193D07A42500}.Release|Any CPU.ActiveCfg = Release|Any CPU
		{025FCE2D-C395-4299-BAFA-193D07A42500}.Release|Any CPU.Build.0 = Release|Any CPU
	EndGlobalSection
	GlobalSection(SolutionProperties) = preSolution
		HideSolutionNode = FALSE
	EndGlobalSection
	GlobalSection(NestedProjects) = preSolution
		{ED2BC82C-02AA-4409-BF55-37D67F121C52} = {640D71B7-D138-47AC-B34A-7136DDEFBD43}
		{0BD8457D-C16F-4E95-818F-F8E6094F62C4} = {640D71B7-D138-47AC-B34A-7136DDEFBD43}
		{CB73891F-EFB2-4F3D-B861-5A10DBF67EF0} = {640D71B7-D138-47AC-B34A-7136DDEFBD43}
		{04C29E24-57AB-4C09-B995-C783B5BD67B6} = {A8872055-9DFB-4D09-92C3-21F67D5A5648}
		{5E43A1D3-FC1A-419C-A2E5-82C00BB1AA1A} = {A8872055-9DFB-4D09-92C3-21F67D5A5648}
		{BAAB36FF-B708-4871-9A3C-E78E0E63603C} = {8E608828-ED2A-48C1-9F92-FF3FBE015487}
		{14121082-B534-4198-B74F-60275B00811F} = {29DF929A-4991-490F-A179-1BED9D6809E4}
		{F323E07C-6F20-481F-A370-A71BCFBBEA38} = {29DF929A-4991-490F-A179-1BED9D6809E4}
		{92924ED4-AEF1-466A-9320-3E73C0654748} = {29DF929A-4991-490F-A179-1BED9D6809E4}
		{E85AD369-4E41-4E7E-B0C1-EDD912D5AB2C} = {21727473-60A5-419C-87E2-B0D9A1D536D2}
		{BD892D9C-92C8-4769-93CC-286881958846} = {8DC62CC2-F6B1-4BE2-B29D-3E2D953A159A}
		{AD6B7548-2C84-4254-A538-3E2F67A6F852} = {7AE804A0-0B1B-4AE8-B946-8F9D13268DB5}
		{29DF929A-4991-490F-A179-1BED9D6809E4} = {A8872055-9DFB-4D09-92C3-21F67D5A5648}
		{8E608828-ED2A-48C1-9F92-FF3FBE015487} = {A8872055-9DFB-4D09-92C3-21F67D5A5648}
		{8DC62CC2-F6B1-4BE2-B29D-3E2D953A159A} = {3944170A-B88D-4832-A2DE-31F4EC6EF7C3}
		{7C448360-0E92-4130-A43B-FC08D1FEEA0B} = {8DC62CC2-F6B1-4BE2-B29D-3E2D953A159A}
		{3204B515-369E-4876-91DB-6000344DBB99} = {3944170A-B88D-4832-A2DE-31F4EC6EF7C3}
		{4F9CC77C-B3A6-4BA8-9FD8-E4CDA9D2960B} = {3944170A-B88D-4832-A2DE-31F4EC6EF7C3}
		{EE5B10EF-EE7C-42D1-A970-67E94EF265CA} = {7AE804A0-0B1B-4AE8-B946-8F9D13268DB5}
		{025FCE2D-C395-4299-BAFA-193D07A42500} = {3944170A-B88D-4832-A2DE-31F4EC6EF7C3}
	EndGlobalSection
EndGlobal
